<Project xmlns="http://schemas.microsoft.com/developer/msbuild/2003">
    <PropertyGroup>
        <Base>True</Base>
        <AppType>Application</AppType>
        <Config Condition="'$(Config)'==''">Debug</Config>
        <FrameworkType>VCL</FrameworkType>
        <MainSource>TES5Edit.dpr</MainSource>
        <Platform Condition="'$(Platform)'==''">Win32</Platform>
        <ProjectGuid>{BB5B51E2-CC9A-4404-A582-958449C5049E}</ProjectGuid>
        <ProjectVersion>18.4</ProjectVersion>
        <TargetedPlatforms>3</TargetedPlatforms>
    </PropertyGroup>
    <PropertyGroup Condition="'$(Config)'=='Base' or '$(Base)'!=''">
        <Base>true</Base>
    </PropertyGroup>
    <PropertyGroup Condition="('$(Platform)'=='Win32' and '$(Base)'=='true') or '$(Base_Win32)'!=''">
        <Base_Win32>true</Base_Win32>
        <CfgParent>Base</CfgParent>
        <Base>true</Base>
    </PropertyGroup>
    <PropertyGroup Condition="('$(Platform)'=='Win64' and '$(Base)'=='true') or '$(Base_Win64)'!=''">
        <Base_Win64>true</Base_Win64>
        <CfgParent>Base</CfgParent>
        <Base>true</Base>
    </PropertyGroup>
    <PropertyGroup Condition="'$(Config)'=='Release' or '$(Cfg_1)'!=''">
        <Cfg_1>true</Cfg_1>
        <CfgParent>Base</CfgParent>
        <Base>true</Base>
    </PropertyGroup>
    <PropertyGroup Condition="'$(Config)'=='Debug' or '$(Cfg_2)'!=''">
        <Cfg_2>true</Cfg_2>
        <CfgParent>Base</CfgParent>
        <Base>true</Base>
    </PropertyGroup>
    <PropertyGroup Condition="'$(Base)'!=''">
        <SanitizedProjectName>TES5Edit</SanitizedProjectName>
        <AppEnableHighDPI>true</AppEnableHighDPI>
        <AppEnableRuntimeThemes>true</AppEnableRuntimeThemes>
        <Custom_Styles>Amakrits|VCLSTYLE|$(BDSCOMMONDIR)\Styles\Amakrits.vsf;&quot;Amethyst Kamri|VCLSTYLE|$(BDSCOMMONDIR)\Styles\AmethystKamri.vsf&quot;;&quot;Aqua Graphite|VCLSTYLE|$(BDSCOMMONDIR)\Styles\AquaGraphite.vsf&quot;;&quot;Aqua Light Slate|VCLSTYLE|$(BDSCOMMONDIR)\Styles\AquaLightSlate.vsf&quot;;Auric|VCLSTYLE|$(BDSCOMMONDIR)\Styles\Auric.vsf;Carbon|VCLSTYLE|$(BDSCOMMONDIR)\Styles\Carbon.vsf;&quot;Charcoal Dark Slate|VCLSTYLE|$(BDSCOMMONDIR)\Styles\CharcoalDarkSlate.vsf&quot;;&quot;Cobalt XEMedia|VCLSTYLE|$(BDSCOMMONDIR)\Styles\CobaltXEMedia.vsf&quot;;&quot;Cyan Dusk|VCLSTYLE|$(BDSCOMMONDIR)\Styles\CyanDusk.vsf&quot;;&quot;Cyan Night|VCLSTYLE|$(BDSCOMMONDIR)\Styles\CyanNight.vsf&quot;;&quot;Emerald Light Slate|VCLSTYLE|$(BDSCOMMONDIR)\Styles\EmeraldLightSlate.vsf&quot;;Glossy|VCLSTYLE|$(BDSCOMMONDIR)\Styles\Glossy.vsf;Glow|VCLSTYLE|$(BDSCOMMONDIR)\Styles\Glow.vsf;&quot;Golden Graphite|VCLSTYLE|$(BDSCOMMONDIR)\Styles\GoldenGraphite.vsf&quot;;&quot;Iceberg Classico|VCLSTYLE|$(BDSCOMMONDIR)\Styles\IcebergClassico.vsf&quot;;&quot;Lavender Classico|VCLSTYLE|$(BDSCOMMONDIR)\Styles\LavenderClassico.vsf&quot;;Light|VCLSTYLE|$(BDSCOMMONDIR)\Styles\Light.vsf;Luna|VCLSTYLE|$(BDSCOMMONDIR)\Styles\Luna.vsf;&quot;Metropolis UI Black|VCLSTYLE|$(BDSCOMMONDIR)\Styles\MetropolisUIBlack.vsf&quot;;&quot;Metropolis UI Blue|VCLSTYLE|$(BDSCOMMONDIR)\Styles\MetropolisUIBlue.vsf&quot;;&quot;Metropolis UI Dark|VCLSTYLE|$(BDSCOMMONDIR)\Styles\MetropolisUIDark.vsf&quot;;&quot;Metropolis UI Green|VCLSTYLE|$(BDSCOMMONDIR)\Styles\MetropolisUIGreen.vsf&quot;;Obsidian|VCLSTYLE|$(BDSCOMMONDIR)\Styles\Obsidian.vsf;&quot;Onyx Blue|VCLSTYLE|$(BDSCOMMONDIR)\Styles\OnyxBlue.vsf&quot;;&quot;Ruby Graphite|VCLSTYLE|$(BDSCOMMONDIR)\Styles\RubyGraphite.vsf&quot;;&quot;Sapphire Kamri|VCLSTYLE|$(BDSCOMMONDIR)\Styles\SapphireKamri.vsf&quot;;Silver|VCLSTYLE|$(BDSCOMMONDIR)\Styles\Silver.vsf;Sky|VCLSTYLE|$(BDSCOMMONDIR)\Styles\Sky.vsf;&quot;Slate Classico|VCLSTYLE|$(BDSCOMMONDIR)\Styles\SlateClassico.vsf&quot;;&quot;Smokey Quartz Kamri|VCLSTYLE|$(BDSCOMMONDIR)\Styles\SmokeyQuartzKamri.vsf&quot;;&quot;Tablet Light|VCLSTYLE|$(BDSCOMMONDIR)\Styles\TabletLight.vsf&quot;;TabletDark|VCLSTYLE|$(BDSCOMMONDIR)\Styles\TabletDark.vsf;&quot;Turquoise Gray|VCLSTYLE|$(BDSCOMMONDIR)\Styles\TurquoiseGray.vsf&quot;;Windows10|VCLSTYLE|$(BDSCOMMONDIR)\Styles\Windows10.vsf;&quot;Windows10 Blue|VCLSTYLE|$(BDSCOMMONDIR)\Styles\Windows10Blue.vsf&quot;;&quot;Windows10 Dark|VCLSTYLE|$(BDSCOMMONDIR)\Styles\Windows10Dark.vsf&quot;;&quot;Windows10 Green|VCLSTYLE|$(BDSCOMMONDIR)\Styles\Windows10Green.vsf&quot;;&quot;Windows10 Purple|VCLSTYLE|$(BDSCOMMONDIR)\Styles\Windows10Purple.vsf&quot;;&quot;Windows10 SlateGray|VCLSTYLE|$(BDSCOMMONDIR)\Styles\Windows10SlateGray.vsf&quot;</Custom_Styles>
        <DCC_Define>EH_NO_VERSION,NX_EXCEPTION_LOG_IN_APP_FOLDER;$(DCC_Define)</DCC_Define>
        <DCC_ExeOutput>.</DCC_ExeOutput>
        <DCC_ImageBase>00400000</DCC_ImageBase>
        <DCC_Namespace>Vcl;Vcl.Imaging;Vcl.Touch;Vcl.Samples;Vcl.Shell;System;Xml;Data;Datasnap;Web;Soap;FMX;Winapi;System.Win;$(DCC_Namespace)</DCC_Namespace>
        <DCC_UnitSearchPath>.\Imaging;.\Imaging\zlib;.\zlib;.\lz4;.\VirtualTrees\Source;.\delphi-detours-library\Source;.\vcl-styles-utils\Common;$(DCC_UnitSearchPath)</DCC_UnitSearchPath>
        <Icon_MainIcon>TES5Edit_Icon.ico</Icon_MainIcon>
        <Manifest_File>$(BDS)\bin\default_app.manifest</Manifest_File>
    </PropertyGroup>
    <PropertyGroup Condition="'$(Base_Win32)'!=''">
        <BT_BuildType>Debug</BT_BuildType>
    </PropertyGroup>
    <PropertyGroup Condition="'$(Base_Win64)'!=''">
        <BT_BuildType>Debug</BT_BuildType>
    </PropertyGroup>
    <PropertyGroup Condition="'$(Cfg_1)'!=''">
        <DCC_DebugInformation>0</DCC_DebugInformation>
        <DCC_Define>RELEASE;$(DCC_Define)</DCC_Define>
        <DCC_LocalDebugSymbols>false</DCC_LocalDebugSymbols>
        <DCC_SymbolReferenceInfo>0</DCC_SymbolReferenceInfo>
    </PropertyGroup>
    <PropertyGroup Condition="'$(Cfg_2)'!=''">
        <DCC_DebugDCUs>true</DCC_DebugDCUs>
        <DCC_Define>DEBUG;$(DCC_Define)</DCC_Define>
        <DCC_GenerateStackFrames>true</DCC_GenerateStackFrames>
        <DCC_Optimize>false</DCC_Optimize>
        <DCC_MapFile>3</DCC_MapFile>
    </PropertyGroup>
    <ItemGroup>
        <DelphiCompile Include="$(MainSource)">
            <MainSource>MainSource</MainSource>
        </DelphiCompile>
        <DCCReference Include="wbInit.pas"/>
        <DCCReference Include="wbBSA.pas"/>
        <DCCReference Include="wbHelpers.pas"/>
        <DCCReference Include="wbScriptAdapter.pas"/>
        <DCCReference Include="wbInterface.pas"/>
        <DCCReference Include="wbImplementation.pas"/>
        <DCCReference Include="wbScriptAdapterMisc.pas"/>
        <DCCReference Include="wbScriptAdapterDF.pas"/>
        <DCCReference Include="wbNifScanner.pas"/>
        <DCCReference Include="wbStreams.pas"/>
        <DCCReference Include="wbSort.pas"/>
        <DCCReference Include="wbLOD.pas"/>
        <DCCReference Include="wbLocalization.pas"/>
        <DCCReference Include="frmViewMain.pas">
            <Form>frmMain</Form>
        </DCCReference>
        <DCCReference Include="FilterOptionsFrm.pas">
            <Form>frmFilterOptions</Form>
        </DCCReference>
        <DCCReference Include="FileSelectFrm.pas">
            <Form>frmFileSelect</Form>
        </DCCReference>
        <DCCReference Include="ViewElementsFrm.pas">
            <Form>frmViewElements</Form>
        </DCCReference>
        <DCCReference Include="EditWarningFrm.pas">
            <Form>frmEditWarning</Form>
        </DCCReference>
        <DCCReference Include="frmWaitForm.pas">
            <Form>frmWait</Form>
        </DCCReference>
        <DCCReference Include="frmLocalizationForm.pas">
            <Form>frmLocalization</Form>
        </DCCReference>
        <DCCReference Include="frmLocalizePluginForm.pas">
            <Form>frmLocalizePlugin</Form>
        </DCCReference>
        <DCCReference Include="frmScriptForm.pas">
            <Form>frmScript</Form>
        </DCCReference>
        <DCCReference Include="frmOptionsForm.pas">
            <Form>frmOptions</Form>
        </DCCReference>
        <DCCReference Include="frmLogAnalyzerForm.pas">
            <Form>frmLogAnalyzer</Form>
        </DCCReference>
        <DCCReference Include="frmLODGenForm.pas"/>
        <DCCReference Include="frmTipForm.pas"/>
        <DCCReference Include="frmModuleSelectForm.pas"/>
        <DCCReference Include="frmModGroupSelectForm.pas"/>
        <DCCReference Include="frmModGroupEditForm.pas"/>
        <DCCReference Include="wbDefinitionsFNV.pas"/>
        <DCCReference Include="wbDefinitionsFNVSaves.pas"/>
        <DCCReference Include="wbDefinitionsFO3.pas"/>
        <DCCReference Include="wbDefinitionsFO3Saves.pas"/>
        <DCCReference Include="wbDefinitionsFO4.pas"/>
        <DCCReference Include="wbDefinitionsFO4Saves.pas"/>
        <DCCReference Include="wbDefinitionsFO76.pas"/>
        <DCCReference Include="wbDefinitionsTES3.pas"/>
        <DCCReference Include="wbDefinitionsTES4.pas"/>
        <DCCReference Include="wbDefinitionsTES4Saves.pas"/>
        <DCCReference Include="wbDefinitionsTES5.pas"/>
        <DCCReference Include="wbDefinitionsTES5Saves.pas"/>
        <DCCReference Include="wbSaveInterface.pas"/>
        <DCCReference Include="wbDataFormat.pas"/>
        <DCCReference Include="wbDataFormatMisc.pas"/>
        <DCCReference Include="wbDataFormatMaterial.pas"/>
        <DCCReference Include="wbDataFormatNif.pas"/>
        <DCCReference Include="wbDataFormatNifTypes.pas"/>
        <DCCReference Include="wbNifMath.pas"/>
        <DCCReference Include="wbHalfFloat.pas"/>
        <DCCReference Include="wbModGroups.pas"/>
        <DCCReference Include="wbBetterStringList.pas"/>
        <DCCReference Include="frmLegendForm.pas">
            <Form>frmLegend</Form>
        </DCCReference>
        <DCCReference Include="frmWorldspaceCellDetailsForm.pas">
            <Form>frmWorldspaceCellDetails</Form>
            <FormType>dfm</FormType>
        </DCCReference>
        <BuildConfiguration Include="Base">
            <Key>Base</Key>
        </BuildConfiguration>
        <BuildConfiguration Include="Release">
            <Key>Cfg_1</Key>
            <CfgParent>Base</CfgParent>
        </BuildConfiguration>
        <BuildConfiguration Include="Debug">
            <Key>Cfg_2</Key>
            <CfgParent>Base</CfgParent>
        </BuildConfiguration>
    </ItemGroup>
    <ProjectExtensions>
        <Borland.Personality>Delphi.Personality.12</Borland.Personality>
        <Borland.ProjectType/>
        <BorlandProject>
            <Delphi.Personality>
                <Source>
                    <Source Name="MainSource">TES5Edit.dpr</Source>
                </Source>
                <Excluded_Packages/>
                <VersionInfo>
                    <VersionInfo Name="IncludeVerInfo">True</VersionInfo>
                    <VersionInfo Name="AutoIncBuild">False</VersionInfo>
                    <VersionInfo Name="MajorVer">3</VersionInfo>
                    <VersionInfo Name="MinorVer">2</VersionInfo>
                    <VersionInfo Name="Release">3</VersionInfo>
                    <VersionInfo Name="Build">6</VersionInfo>
                    <VersionInfo Name="Debug">True</VersionInfo>
                    <VersionInfo Name="PreRelease">True</VersionInfo>
                    <VersionInfo Name="Special">False</VersionInfo>
                    <VersionInfo Name="Private">False</VersionInfo>
                    <VersionInfo Name="DLL">False</VersionInfo>
                    <VersionInfo Name="Locale">1033</VersionInfo>
                    <VersionInfo Name="CodePage">1252</VersionInfo>
                </VersionInfo>
                <VersionInfoKeys>
                    <VersionInfoKeys Name="CompanyName"/>
                    <VersionInfoKeys Name="FileDescription"/>
                    <VersionInfoKeys Name="FileVersion">3.2.3.6</VersionInfoKeys>
                    <VersionInfoKeys Name="InternalName"/>
                    <VersionInfoKeys Name="LegalCopyright"/>
                    <VersionInfoKeys Name="LegalTrademarks"/>
                    <VersionInfoKeys Name="OriginalFilename"/>
                    <VersionInfoKeys Name="ProductName">xEdit by ElminsterAU</VersionInfoKeys>
                    <VersionInfoKeys Name="ProductVersion">3.2.3</VersionInfoKeys>
                    <VersionInfoKeys Name="Comments"/>
                </VersionInfoKeys>
            </Delphi.Personality>
            <Platforms>
                <Platform value="Linux64">False</Platform>
                <Platform value="Win32">True</Platform>
                <Platform value="Win64">True</Platform>
            </Platforms>
        </BorlandProject>
        <ProjectFileVersion>12</ProjectFileVersion>
    </ProjectExtensions>
    <Import Project="$(BDS)\Bin\CodeGear.Delphi.Targets" Condition="Exists('$(BDS)\Bin\CodeGear.Delphi.Targets')"/>
    <Import Project="$(APPDATA)\Embarcadero\$(BDSAPPDATABASEDIR)\$(PRODUCTVERSION)\UserTools.proj" Condition="Exists('$(APPDATA)\Embarcadero\$(BDSAPPDATABASEDIR)\$(PRODUCTVERSION)\UserTools.proj')"/>
</Project>
