
Microsoft Visual Studio Solution File, Format Version 11.00
# Visual Studio 2010
Project("{FAE04EC0-301F-11D3-BF4B-00C04F79EFBC}") = "tesvsnip", "tesvsnip.csproj", "{5FA31161-DDBB-430F-9E99-0ECE98B733DE}"
EndProject
Project("{2150E333-8FDC-42A3-9474-1A3956D46DE8}") = "Solution Items", "Solution Items", "{B4B2F683-07C5-4937-B0DD-FC5849A83F42}"
EndProject
Global
	GlobalSection(SolutionConfigurationPlatforms) = preSolution
		Debug|Any CPU = Debug|Any CPU
		Debug|Itanium = Debug|Itanium
		Debug|Mixed Platforms = Debug|Mixed Platforms
		Debug|Win32 = Debug|Win32
		Debug|x64 = Debug|x64
		Debug|x86 = Debug|x86
		Release|Any CPU = Release|Any CPU
		Release|Itanium = Release|Itanium
		Release|Mixed Platforms = Release|Mixed Platforms
		Release|Win32 = Release|Win32
		Release|x64 = Release|x64
		Release|x86 = Release|x86
		ReleaseWithoutAsm|Any CPU = ReleaseWithoutAsm|Any CPU
		ReleaseWithoutAsm|Itanium = ReleaseWithoutAsm|Itanium
		ReleaseWithoutAsm|Mixed Platforms = ReleaseWithoutAsm|Mixed Platforms
		ReleaseWithoutAsm|Win32 = ReleaseWithoutAsm|Win32
		ReleaseWithoutAsm|x64 = ReleaseWithoutAsm|x64
		ReleaseWithoutAsm|x86 = ReleaseWithoutAsm|x86
		StrongMagic|Any CPU = StrongMagic|Any CPU
		StrongMagic|Itanium = StrongMagic|Itanium
		StrongMagic|Mixed Platforms = StrongMagic|Mixed Platforms
		StrongMagic|Win32 = StrongMagic|Win32
		StrongMagic|x64 = StrongMagic|x64
		StrongMagic|x86 = StrongMagic|x86
	EndGlobalSection
	GlobalSection(ProjectConfigurationPlatforms) = postSolution
		{5FA31161-DDBB-430F-9E99-0ECE98B733DE}.Debug|Any CPU.ActiveCfg = Debug|Any CPU
		{5FA31161-DDBB-430F-9E99-0ECE98B733DE}.Debug|Any CPU.Build.0 = Debug|Any CPU
		{5FA31161-DDBB-430F-9E99-0ECE98B733DE}.Debug|Itanium.ActiveCfg = Debug|Any CPU
		{5FA31161-DDBB-430F-9E99-0ECE98B733DE}.Debug|Mixed Platforms.ActiveCfg = Debug|Any CPU
		{5FA31161-DDBB-430F-9E99-0ECE98B733DE}.Debug|Mixed Platforms.Build.0 = Debug|Any CPU
		{5FA31161-DDBB-430F-9E99-0ECE98B733DE}.Debug|Win32.ActiveCfg = Debug|Any CPU
		{5FA31161-DDBB-430F-9E99-0ECE98B733DE}.Debug|x64.ActiveCfg = Debug|Any CPU
		{5FA31161-DDBB-430F-9E99-0ECE98B733DE}.Debug|x86.ActiveCfg = Debug|Any CPU
		{5FA31161-DDBB-430F-9E99-0ECE98B733DE}.Debug|x86.Build.0 = Debug|Any CPU
		{5FA31161-DDBB-430F-9E99-0ECE98B733DE}.Release|Any CPU.ActiveCfg = Release|Any CPU
		{5FA31161-DDBB-430F-9E99-0ECE98B733DE}.Release|Any CPU.Build.0 = Release|Any CPU
		{5FA31161-DDBB-430F-9E99-0ECE98B733DE}.Release|Itanium.ActiveCfg = Release|Any CPU
		{5FA31161-DDBB-430F-9E99-0ECE98B733DE}.Release|Mixed Platforms.ActiveCfg = Release|Any CPU
		{5FA31161-DDBB-430F-9E99-0ECE98B733DE}.Release|Mixed Platforms.Build.0 = Release|Any CPU
		{5FA31161-DDBB-430F-9E99-0ECE98B733DE}.Release|Win32.ActiveCfg = Release|Any CPU
		{5FA31161-DDBB-430F-9E99-0ECE98B733DE}.Release|x64.ActiveCfg = Release|Any CPU
		{5FA31161-DDBB-430F-9E99-0ECE98B733DE}.Release|x86.ActiveCfg = Release|Any CPU
		{5FA31161-DDBB-430F-9E99-0ECE98B733DE}.ReleaseWithoutAsm|Any CPU.ActiveCfg = Release|Any CPU
		{5FA31161-DDBB-430F-9E99-0ECE98B733DE}.ReleaseWithoutAsm|Any CPU.Build.0 = Release|Any CPU
		{5FA31161-DDBB-430F-9E99-0ECE98B733DE}.ReleaseWithoutAsm|Itanium.ActiveCfg = Release|Any CPU
		{5FA31161-DDBB-430F-9E99-0ECE98B733DE}.ReleaseWithoutAsm|Mixed Platforms.ActiveCfg = Release|Any CPU
		{5FA31161-DDBB-430F-9E99-0ECE98B733DE}.ReleaseWithoutAsm|Mixed Platforms.Build.0 = Release|Any CPU
		{5FA31161-DDBB-430F-9E99-0ECE98B733DE}.ReleaseWithoutAsm|Win32.ActiveCfg = Release|Any CPU
		{5FA31161-DDBB-430F-9E99-0ECE98B733DE}.ReleaseWithoutAsm|x64.ActiveCfg = Release|Any CPU
		{5FA31161-DDBB-430F-9E99-0ECE98B733DE}.ReleaseWithoutAsm|x86.ActiveCfg = Release|Any CPU
		{5FA31161-DDBB-430F-9E99-0ECE98B733DE}.StrongMagic|Any CPU.ActiveCfg = Release|Any CPU
		{5FA31161-DDBB-430F-9E99-0ECE98B733DE}.StrongMagic|Any CPU.Build.0 = Release|Any CPU
		{5FA31161-DDBB-430F-9E99-0ECE98B733DE}.StrongMagic|Itanium.ActiveCfg = Release|Any CPU
		{5FA31161-DDBB-430F-9E99-0ECE98B733DE}.StrongMagic|Mixed Platforms.ActiveCfg = Release|Any CPU
		{5FA31161-DDBB-430F-9E99-0ECE98B733DE}.StrongMagic|Mixed Platforms.Build.0 = Release|Any CPU
		{5FA31161-DDBB-430F-9E99-0ECE98B733DE}.StrongMagic|Win32.ActiveCfg = Release|Any CPU
		{5FA31161-DDBB-430F-9E99-0ECE98B733DE}.StrongMagic|x64.ActiveCfg = Release|Any CPU
		{5FA31161-DDBB-430F-9E99-0ECE98B733DE}.StrongMagic|x86.ActiveCfg = Release|Any CPU
	EndGlobalSection
	GlobalSection(SolutionProperties) = preSolution
		HideSolutionNode = FALSE
	EndGlobalSection
EndGlobal
