<?xml version="1.0" encoding="utf-8"?>
<Project ToolsVersion="4.0" xmlns="http://schemas.microsoft.com/developer/msbuild/2003">
  <ItemGroup>
    <Filter Include="f4se">
      <UniqueIdentifier>{ef79308c-e4bd-41d0-81ca-c8497451e7f8}</UniqueIdentifier>
    </Filter>
    <Filter Include="f4se\api">
      <UniqueIdentifier>{d403cce8-9717-411f-9910-4bb3a6cd45dc}</UniqueIdentifier>
    </Filter>
    <Filter Include="f4se_common">
      <UniqueIdentifier>{721d743b-6439-4303-b1f2-0a3527dcabb3}</UniqueIdentifier>
    </Filter>
  </ItemGroup>
  <ItemGroup>
    <ClCompile Include="dllmain.c" />
    <ClCompile Include="main.cpp" />
    <ClCompile Include="..\f4se\f4se_common\Relocation.cpp">
      <Filter>f4se_common</Filter>
    </ClCompile>
    <ClCompile Include="..\f4se\f4se_common\SafeWrite.cpp">
      <Filter>f4se_common</Filter>
    </ClCompile>
    <ClCompile Include="..\f4se\f4se\GameForms.cpp">
      <Filter>f4se\api</Filter>
    </ClCompile>
    <ClCompile Include="..\f4se\f4se\ObScript.cpp">
      <Filter>f4se\api</Filter>
    </ClCompile>
    <ClCompile Include="..\f4se\f4se\GameData.cpp">
      <Filter>f4se\api</Filter>
    </ClCompile>
    <ClCompile Include="..\f4se\f4se_common\Utilities.cpp">
      <Filter>f4se_common</Filter>
    </ClCompile>
    <ClCompile Include="..\f4se\f4se\GameTypes.cpp">
      <Filter>f4se\api</Filter>
    </ClCompile>
    <ClCompile Include="..\f4se\f4se\GameUtilities.cpp">
      <Filter>f4se\api</Filter>
    </ClCompile>
  </ItemGroup>
  <ItemGroup>
    <None Include="exports.def" />
  </ItemGroup>
  <ItemGroup>
    <ClInclude Include="..\f4se\f4se_common\f4se_version.h">
      <Filter>f4se_common</Filter>
    </ClInclude>
    <ClInclude Include="..\f4se\f4se_common\Relocation.h">
      <Filter>f4se_common</Filter>
    </ClInclude>
    <ClInclude Include="..\f4se\f4se_common\SafeWrite.h">
      <Filter>f4se_common</Filter>
    </ClInclude>
    <ClInclude Include="..\f4se\f4se\GameForms.h">
      <Filter>f4se\api</Filter>
    </ClInclude>
    <ClInclude Include="..\f4se\f4se\ObScript.h">
      <Filter>f4se\api</Filter>
    </ClInclude>
    <ClInclude Include="..\f4se\f4se\GameData.h">
      <Filter>f4se\api</Filter>
    </ClInclude>
    <ClInclude Include="..\f4se\f4se_common\Utilities.h">
      <Filter>f4se_common</Filter>
    </ClInclude>
    <ClInclude Include="..\f4se\f4se\GameTypes.h">
      <Filter>f4se\api</Filter>
    </ClInclude>
    <ClInclude Include="..\f4se\f4se\GameUtilities.h">
      <Filter>f4se\api</Filter>
    </ClInclude>
  </ItemGroup>
  <ItemGroup>
    <ResourceCompile Include="..\f4se\f4se_common\f4se_version.rc">
      <Filter>f4se_common</Filter>
    </ResourceCompile>
  </ItemGroup>
</Project>